
Microsoft Visual Studio Solution File, Format Version 12.00
# Visual Studio Version 16
VisualStudioVersion = 16.0.30517.126
MinimumVisualStudioVersion = 10.0.40219.1
Project("{9A19103F-16F7-4668-BE54-9A1E7A4F7556}") = "Kwesoft.Pdf", "Kwesoft.Pdf.csproj", "{14F21609-DD5E-483A-9113-5E5ED7E5A808}"
EndProject
Global
	GlobalSection(SolutionConfigurationPlatforms) = preSolution
		Debug|Any CPU = Debug|Any CPU
		Release|Any CPU = Release|Any CPU
	EndGlobalSection
	GlobalSection(ProjectConfigurationPlatforms) = postSolution
		{14F21609-DD5E-483A-9113-5E5ED7E5A808}.Debug|Any CPU.ActiveCfg = Debug|Any CPU
		{14F21609-DD5E-483A-9113-5E5ED7E5A808}.Debug|Any CPU.Build.0 = Debug|Any CPU
		{14F21609-DD5E-483A-9113-5E5ED7E5A808}.Release|Any CPU.ActiveCfg = Release|Any CPU
		{14F21609-DD5E-483A-9113-5E5ED7E5A808}.Release|Any CPU.Build.0 = Release|Any CPU
	EndGlobalSection
	GlobalSection(SolutionProperties) = preSolution
		HideSolutionNode = FALSE
	EndGlobalSection
	GlobalSection(ExtensibilityGlobals) = postSolution
		SolutionGuid = {D92843BE-7BB4-405E-9501-C1EE7278888C}
	EndGlobalSection
EndGlobal
